
Microsoft Visual Studio Solution File, Format Version 12.00
# Visual Studio Version 17
VisualStudioVersion = 17.0.31903.59
MinimumVisualStudioVersion = 10.0.40219.1
Project("{FAE04EC0-301F-11D3-BF4B-00C04F79EFBC}") = "Business", "Business\Business.csproj", "{1A30AC40-B4D1-4550-AEE2-13991668F4F3}"
EndProject
Project("{FAE04EC0-301F-11D3-BF4B-00C04F79EFBC}") = "Core", "Core\Core.csproj", "{AF93BAA9-B2BF-453E-AB58-F5754E7A7954}"
EndProject
Project("{FAE04EC0-301F-11D3-BF4B-00C04F79EFBC}") = "DataAccess", "DataAccess\DataAccess.csproj", "{EEA57C4F-B132-404D-BD68-D0A43DEF46E3}"
EndProject
Project("{FAE04EC0-301F-11D3-BF4B-00C04F79EFBC}") = "Entities", "Entities\Entities.csproj", "{AA0DB705-687D-4CB2-A68F-CF2DF4CFC9C0}"
EndProject
Project("{FAE04EC0-301F-11D3-BF4B-00C04F79EFBC}") = "WebAPI", "WebAPI\WebAPI.csproj", "{48A8A799-AE6A-4EEF-98FB-0B8B34ABAA56}"
EndProject
Global
	GlobalSection(SolutionConfigurationPlatforms) = preSolution
		Debug|Any CPU = Debug|Any CPU
		Release|Any CPU = Release|Any CPU
	EndGlobalSection
	GlobalSection(SolutionProperties) = preSolution
		HideSolutionNode = FALSE
	EndGlobalSection
	GlobalSection(ProjectConfigurationPlatforms) = postSolution
		{1A30AC40-B4D1-4550-AEE2-13991668F4F3}.Debug|Any CPU.ActiveCfg = Debug|Any CPU
		{1A30AC40-B4D1-4550-AEE2-13991668F4F3}.Debug|Any CPU.Build.0 = Debug|Any CPU
		{1A30AC40-B4D1-4550-AEE2-13991668F4F3}.Release|Any CPU.ActiveCfg = Release|Any CPU
		{1A30AC40-B4D1-4550-AEE2-13991668F4F3}.Release|Any CPU.Build.0 = Release|Any CPU
		{AF93BAA9-B2BF-453E-AB58-F5754E7A7954}.Debug|Any CPU.ActiveCfg = Debug|Any CPU
		{AF93BAA9-B2BF-453E-AB58-F5754E7A7954}.Debug|Any CPU.Build.0 = Debug|Any CPU
		{AF93BAA9-B2BF-453E-AB58-F5754E7A7954}.Release|Any CPU.ActiveCfg = Release|Any CPU
		{AF93BAA9-B2BF-453E-AB58-F5754E7A7954}.Release|Any CPU.Build.0 = Release|Any CPU
		{EEA57C4F-B132-404D-BD68-D0A43DEF46E3}.Debug|Any CPU.ActiveCfg = Debug|Any CPU
		{EEA57C4F-B132-404D-BD68-D0A43DEF46E3}.Debug|Any CPU.Build.0 = Debug|Any CPU
		{EEA57C4F-B132-404D-BD68-D0A43DEF46E3}.Release|Any CPU.ActiveCfg = Release|Any CPU
		{EEA57C4F-B132-404D-BD68-D0A43DEF46E3}.Release|Any CPU.Build.0 = Release|Any CPU
		{AA0DB705-687D-4CB2-A68F-CF2DF4CFC9C0}.Debug|Any CPU.ActiveCfg = Debug|Any CPU
		{AA0DB705-687D-4CB2-A68F-CF2DF4CFC9C0}.Debug|Any CPU.Build.0 = Debug|Any CPU
		{AA0DB705-687D-4CB2-A68F-CF2DF4CFC9C0}.Release|Any CPU.ActiveCfg = Release|Any CPU
		{AA0DB705-687D-4CB2-A68F-CF2DF4CFC9C0}.Release|Any CPU.Build.0 = Release|Any CPU
		{48A8A799-AE6A-4EEF-98FB-0B8B34ABAA56}.Debug|Any CPU.ActiveCfg = Debug|Any CPU
		{48A8A799-AE6A-4EEF-98FB-0B8B34ABAA56}.Debug|Any CPU.Build.0 = Debug|Any CPU
		{48A8A799-AE6A-4EEF-98FB-0B8B34ABAA56}.Release|Any CPU.ActiveCfg = Release|Any CPU
		{48A8A799-AE6A-4EEF-98FB-0B8B34ABAA56}.Release|Any CPU.Build.0 = Release|Any CPU
	EndGlobalSection
EndGlobal
